// !$*UTF8*$!
{
	archiveVersion = 1;
	classes = {
	};
	objectVersion = 77;
	objects = {

/* Begin PBXContainerItemProxy section */
		944789DE2DDC63CB00AF56C4 /* PBXContainerItemProxy */ = {
			isa = PBXContainerItemProxy;
			containerPortal = 944789C32DDC63C900AF56C4 /* Project object */;
			proxyType = 1;
			remoteGlobalIDString = 944789CA2DDC63C900AF56C4;
			remoteInfo = "iOS-Development";
		};
		944789E82DDC63CB00AF56C4 /* PBXContainerItemProxy */ = {
			isa = PBXContainerItemProxy;
			containerPortal = 944789C32DDC63C900AF56C4 /* Project object */;
			proxyType = 1;
			remoteGlobalIDString = 944789CA2DDC63C900AF56C4;
			remoteInfo = "iOS-Development";
		};
/* End PBXContainerItemProxy section */

/* Begin PBXFileReference section */
		944789CB2DDC63C900AF56C4 /* iOS-Development.app */ = {isa = PBXFileReference; explicitFileType = wrapper.application; includeInIndex = 0; path = "iOS-Development.app"; sourceTree = BUILT_PRODUCTS_DIR; };
		944789DD2DDC63CB00AF56C4 /* iOS-DevelopmentTests.xctest */ = {isa = PBXFileReference; explicitFileType = wrapper.cfbundle; includeInIndex = 0; path = "iOS-DevelopmentTests.xctest"; sourceTree = BUILT_PRODUCTS_DIR; };
		944789E72DDC63CB00AF56C4 /* iOS-DevelopmentUITests.xctest */ = {isa = PBXFileReference; explicitFileType = wrapper.cfbundle; includeInIndex = 0; path = "iOS-DevelopmentUITests.xctest"; sourceTree = BUILT_PRODUCTS_DIR; };
/* End PBXFileReference section */

/* Begin PBXFileSystemSynchronizedRootGroup section */
		944789CD2DDC63C900AF56C4 /* iOS-Development */ = {
			isa = PBXFileSystemSynchronizedRootGroup;
			path = "iOS-Development";
			sourceTree = "<group>";
		};
		944789E02DDC63CB00AF56C4 /* iOS-DevelopmentTests */ = {
			isa = PBXFileSystemSynchronizedRootGroup;
			path = "iOS-DevelopmentTests";
			sourceTree = "<group>";
		};
		944789EA2DDC63CB00AF56C4 /* iOS-DevelopmentUITests */ = {
			isa = PBXFileSystemSynchronizedRootGroup;
			path = "iOS-DevelopmentUITests";
			sourceTree = "<group>";
		};
/* End PBXFileSystemSynchronizedRootGroup section */

/* Begin PBXFrameworksBuildPhase section */
		944789C82DDC63C900AF56C4 /* Frameworks */ = {
			isa = PBXFrameworksBuildPhase;
			buildActionMask = 2147483647;
			files = (
			);
			runOnlyForDeploymentPostprocessing = 0;
		};
		944789DA2DDC63CB00AF56C4 /* Frameworks */ = {
			isa = PBXFrameworksBuildPhase;
			buildActionMask = 2147483647;
			files = (
			);
			runOnlyForDeploymentPostprocessing = 0;
		};
		944789E42DDC63CB00AF56C4 /* Frameworks */ = {
			isa = PBXFrameworksBuildPhase;
			buildActionMask = 2147483647;
			files = (
			);
			runOnlyForDeploymentPostprocessing = 0;
		};
/* End PBXFrameworksBuildPhase section */

/* Begin PBXGroup section */
		944789C22DDC63C900AF56C4 = {
			isa = PBXGroup;
			children = (
				944789CD2DDC63C900AF56C4 /* iOS-Development */,
				944789E02DDC63CB00AF56C4 /* iOS-DevelopmentTests */,
				944789EA2DDC63CB00AF56C4 /* iOS-DevelopmentUITests */,
				944789CC2DDC63C900AF56C4 /* Products */,
			);
			sourceTree = "<group>";
		};
		944789CC2DDC63C900AF56C4 /* Products */ = {
			isa = PBXGroup;
			children = (
				944789CB2DDC63C900AF56C4 /* iOS-Development.app */,
				944789DD2DDC63CB00AF56C4 /* iOS-DevelopmentTests.xctest */,
				944789E72DDC63CB00AF56C4 /* iOS-DevelopmentUITests.xctest */,
			);
			name = Products;
			sourceTree = "<group>";
		};
/* End PBXGroup section */

/* Begin PBXNativeTarget section */
		944789CA2DDC63C900AF56C4 /* iOS-Development */ = {
			isa = PBXNativeTarget;
			buildConfigurationList = 944789F12DDC63CB00AF56C4 /* Build configuration list for PBXNativeTarget "iOS-Development" */;
			buildPhases = (
				944789C72DDC63C900AF56C4 /* Sources */,
				944789C82DDC63C900AF56C4 /* Frameworks */,
				944789C92DDC63C900AF56C4 /* Resources */,
			);
			buildRules = (
			);
			dependencies = (
			);
			fileSystemSynchronizedGroups = (
				944789CD2DDC63C900AF56C4 /* iOS-Development */,
			);
			name = "iOS-Development";
			packageProductDependencies = (
			);
			productName = "iOS-Development";
			productReference = 944789CB2DDC63C900AF56C4 /* iOS-Development.app */;
			productType = "com.apple.product-type.application";
		};
		944789DC2DDC63CB00AF56C4 /* iOS-DevelopmentTests */ = {
			isa = PBXNativeTarget;
			buildConfigurationList = 944789F42DDC63CB00AF56C4 /* Build configuration list for PBXNativeTarget "iOS-DevelopmentTests" */;
			buildPhases = (
				944789D92DDC63CB00AF56C4 /* Sources */,
				944789DA2DDC63CB00AF56C4 /* Frameworks */,
				944789DB2DDC63CB00AF56C4 /* Resources */,
			);
			buildRules = (
			);
			dependencies = (
				944789DF2DDC63CB00AF56C4 /* PBXTargetDependency */,
			);
			fileSystemSynchronizedGroups = (
				944789E02DDC63CB00AF56C4 /* iOS-DevelopmentTests */,
			);
			name = "iOS-DevelopmentTests";
			packageProductDependencies = (
			);
			productName = "iOS-DevelopmentTests";
			productReference = 944789DD2DDC63CB00AF56C4 /* iOS-DevelopmentTests.xctest */;
			productType = "com.apple.product-type.bundle.unit-test";
		};
		944789E62DDC63CB00AF56C4 /* iOS-DevelopmentUITests */ = {
			isa = PBXNativeTarget;
			buildConfigurationList = 944789F72DDC63CB00AF56C4 /* Build configuration list for PBXNativeTarget "iOS-DevelopmentUITests" */;
			buildPhases = (
				944789E32DDC63CB00AF56C4 /* Sources */,
				944789E42DDC63CB00AF56C4 /* Frameworks */,
				944789E52DDC63CB00AF56C4 /* Resources */,
			);
			buildRules = (
			);
			dependencies = (
				944789E92DDC63CB00AF56C4 /* PBXTargetDependency */,
			);
			fileSystemSynchronizedGroups = (
				944789EA2DDC63CB00AF56C4 /* iOS-DevelopmentUITests */,
			);
			name = "iOS-DevelopmentUITests";
			packageProductDependencies = (
			);
			productName = "iOS-DevelopmentUITests";
			productReference = 944789E72DDC63CB00AF56C4 /* iOS-DevelopmentUITests.xctest */;
			productType = "com.apple.product-type.bundle.ui-testing";
		};
/* End PBXNativeTarget section */

/* Begin PBXProject section */
		944789C32DDC63C900AF56C4 /* Project object */ = {
			isa = PBXProject;
			attributes = {
				BuildIndependentTargetsInParallel = 1;
				LastSwiftUpdateCheck = 1620;
				LastUpgradeCheck = 1620;
				TargetAttributes = {
					944789CA2DDC63C900AF56C4 = {
						CreatedOnToolsVersion = 16.2;
					};
					944789DC2DDC63CB00AF56C4 = {
						CreatedOnToolsVersion = 16.2;
						TestTargetID = 944789CA2DDC63C900AF56C4;
					};
					944789E62DDC63CB00AF56C4 = {
						CreatedOnToolsVersion = 16.2;
						TestTargetID = 944789CA2DDC63C900AF56C4;
					};
				};
			};
			buildConfigurationList = 944789C62DDC63C900AF56C4 /* Build configuration list for PBXProject "iOS-Development" */;
			developmentRegion = en;
			hasScannedForEncodings = 0;
			knownRegions = (
				en,
				Base,
			);
			mainGroup = 944789C22DDC63C900AF56C4;
			minimizedProjectReferenceProxies = 1;
			preferredProjectObjectVersion = 77;
			productRefGroup = 944789CC2DDC63C900AF56C4 /* Products */;
			projectDirPath = "";
			projectRoot = "";
			targets = (
				944789CA2DDC63C900AF56C4 /* iOS-Development */,
				944789DC2DDC63CB00AF56C4 /* iOS-DevelopmentTests */,
				944789E62DDC63CB00AF56C4 /* iOS-DevelopmentUITests */,
			);
		};
/* End PBXProject section */

/* Begin PBXResourcesBuildPhase section */
		944789C92DDC63C900AF56C4 /* Resources */ = {
			isa = PBXResourcesBuildPhase;
			buildActionMask = 2147483647;
			files = (
			);
			runOnlyForDeploymentPostprocessing = 0;
		};
		944789DB2DDC63CB00AF56C4 /* Resources */ = {
			isa = PBXResourcesBuildPhase;
			buildActionMask = 2147483647;
			files = (
			);
			runOnlyForDeploymentPostprocessing = 0;
		};
		944789E52DDC63CB00AF56C4 /* Resources */ = {
			isa = PBXResourcesBuildPhase;
			buildActionMask = 2147483647;
			files = (
			);
			runOnlyForDeploymentPostprocessing = 0;
		};
/* End PBXResourcesBuildPhase section */

/* Begin PBXSourcesBuildPhase section */
		944789C72DDC63C900AF56C4 /* Sources */ = {
			isa = PBXSourcesBuildPhase;
			buildActionMask = 2147483647;
			files = (
			);
			runOnlyForDeploymentPostprocessing = 0;
		};
		944789D92DDC63CB00AF56C4 /* Sources */ = {
			isa = PBXSourcesBuildPhase;
			buildActionMask = 2147483647;
			files = (
			);
			runOnlyForDeploymentPostprocessing = 0;
		};
		944789E32DDC63CB00AF56C4 /* Sources */ = {
			isa = PBXSourcesBuildPhase;
			buildActionMask = 2147483647;
			files = (
			);
			runOnlyForDeploymentPostprocessing = 0;
		};
/* End PBXSourcesBuildPhase section */

/* Begin PBXTargetDependency section */
		944789DF2DDC63CB00AF56C4 /* PBXTargetDependency */ = {
			isa = PBXTargetDependency;
			target = 944789CA2DDC63C900AF56C4 /* iOS-Development */;
			targetProxy = 944789DE2DDC63CB00AF56C4 /* PBXContainerItemProxy */;
		};
		944789E92DDC63CB00AF56C4 /* PBXTargetDependency */ = {
			isa = PBXTargetDependency;
			target = 944789CA2DDC63C900AF56C4 /* iOS-Development */;
			targetProxy = 944789E82DDC63CB00AF56C4 /* PBXContainerItemProxy */;
		};
/* End PBXTargetDependency section */

/* Begin XCBuildConfiguration section */
		944789EF2DDC63CB00AF56C4 /* Debug */ = {
			isa = XCBuildConfiguration;
			buildSettings = {
				ALWAYS_SEARCH_USER_PATHS = NO;
				ASSETCATALOG_COMPILER_GENERATE_SWIFT_ASSET_SYMBOL_EXTENSIONS = YES;
				CLANG_ANALYZER_NONNULL = YES;
				CLANG_ANALYZER_NUMBER_OBJECT_CONVERSION = YES_AGGRESSIVE;
				CLANG_CXX_LANGUAGE_STANDARD = "gnu++20";
				CLANG_ENABLE_MODULES = YES;
				CLANG_ENABLE_OBJC_ARC = YES;
				CLANG_ENABLE_OBJC_WEAK = YES;
				CLANG_WARN_BLOCK_CAPTURE_AUTORELEASING = YES;
				CLANG_WARN_BOOL_CONVERSION = YES;
				CLANG_WARN_COMMA = YES;
				CLANG_WARN_CONSTANT_CONVERSION = YES;
				CLANG_WARN_DEPRECATED_OBJC_IMPLEMENTATIONS = YES;
				CLANG_WARN_DIRECT_OBJC_ISA_USAGE = YES_ERROR;
				CLANG_WARN_DOCUMENTATION_COMMENTS = YES;
				CLANG_WARN_EMPTY_BODY = YES;
				CLANG_WARN_ENUM_CONVERSION = YES;
				CLANG_WARN_INFINITE_RECURSION = YES;
				CLANG_WARN_INT_CONVERSION = YES;
				CLANG_WARN_NON_LITERAL_NULL_CONVERSION = YES;
				CLANG_WARN_OBJC_IMPLICIT_RETAIN_SELF = YES;
				CLANG_WARN_OBJC_LITERAL_CONVERSION = YES;
				CLANG_WARN_OBJC_ROOT_CLASS = YES_ERROR;
				CLANG_WARN_QUOTED_INCLUDE_IN_FRAMEWORK_HEADER = YES;
				CLANG_WARN_RANGE_LOOP_ANALYSIS = YES;
				CLANG_WARN_STRICT_PROTOTYPES = YES;
				CLANG_WARN_SUSPICIOUS_MOVE = YES;
				CLANG_WARN_UNGUARDED_AVAILABILITY = YES_AGGRESSIVE;
				CLANG_WARN_UNREACHABLE_CODE = YES;
				CLANG_WARN__DUPLICATE_METHOD_MATCH = YES;
				COPY_PHASE_STRIP = NO;
				DEBUG_INFORMATION_FORMAT = dwarf;
				ENABLE_STRICT_OBJC_MSGSEND = YES;
				ENABLE_TESTABILITY = YES;
				ENABLE_USER_SCRIPT_SANDBOXING = YES;
				GCC_C_LANGUAGE_STANDARD = gnu17;
				GCC_DYNAMIC_NO_PIC = NO;
				GCC_NO_COMMON_BLOCKS = YES;
				GCC_OPTIMIZATION_LEVEL = 0;
				GCC_PREPROCESSOR_DEFINITIONS = (
					"DEBUG=1",
					"$(inherited)",
				);
				GCC_WARN_64_TO_32_BIT_CONVERSION = YES;
				GCC_WARN_ABOUT_RETURN_TYPE = YES_ERROR;
				GCC_WARN_UNDECLARED_SELECTOR = YES;
				GCC_WARN_UNINITIALIZED_AUTOS = YES_AGGRESSIVE;
				GCC_WARN_UNUSED_FUNCTION = YES;
				GCC_WARN_UNUSED_VARIABLE = YES;
				IPHONEOS_DEPLOYMENT_TARGET = 18.2;
				LOCALIZATION_PREFERS_STRING_CATALOGS = YES;
				MTL_ENABLE_DEBUG_INFO = INCLUDE_SOURCE;
				MTL_FAST_MATH = YES;
				ONLY_ACTIVE_ARCH = YES;
				SDKROOT = iphoneos;
				SWIFT_ACTIVE_COMPILATION_CONDITIONS = "DEBUG $(inherited)";
				SWIFT_OPTIMIZATION_LEVEL = "-Onone";
			};
			name = Debug;
		};
		944789F02DDC63CB00AF56C4 /* Release */ = {
			isa = XCBuildConfiguration;
			buildSettings = {
				ALWAYS_SEARCH_USER_PATHS = NO;
				ASSETCATALOG_COMPILER_GENERATE_SWIFT_ASSET_SYMBOL_EXTENSIONS = YES;
				CLANG_ANALYZER_NONNULL = YES;
				CLANG_ANALYZER_NUMBER_OBJECT_CONVERSION = YES_AGGRESSIVE;
				CLANG_CXX_LANGUAGE_STANDARD = "gnu++20";
				CLANG_ENABLE_MODULES = YES;
				CLANG_ENABLE_OBJC_ARC = YES;
				CLANG_ENABLE_OBJC_WEAK = YES;
				CLANG_WARN_BLOCK_CAPTURE_AUTORELEASING = YES;
				CLANG_WARN_BOOL_CONVERSION = YES;
				CLANG_WARN_COMMA = YES;
				CLANG_WARN_CONSTANT_CONVERSION = YES;
				CLANG_WARN_DEPRECATED_OBJC_IMPLEMENTATIONS = YES;
				CLANG_WARN_DIRECT_OBJC_ISA_USAGE = YES_ERROR;
				CLANG_WARN_DOCUMENTATION_COMMENTS = YES;
				CLANG_WARN_EMPTY_BODY = YES;
				CLANG_WARN_ENUM_CONVERSION = YES;
				CLANG_WARN_INFINITE_RECURSION = YES;
				CLANG_WARN_INT_CONVERSION = YES;
				CLANG_WARN_NON_LITERAL_NULL_CONVERSION = YES;
				CLANG_WARN_OBJC_IMPLICIT_RETAIN_SELF = YES;
				CLANG_WARN_OBJC_LITERAL_CONVERSION = YES;
				CLANG_WARN_OBJC_ROOT_CLASS = YES_ERROR;
				CLANG_WARN_QUOTED_INCLUDE_IN_FRAMEWORK_HEADER = YES;
				CLANG_WARN_RANGE_LOOP_ANALYSIS = YES;
				CLANG_WARN_STRICT_PROTOTYPES = YES;
				CLANG_WARN_SUSPICIOUS_MOVE = YES;
				CLANG_WARN_UNGUARDED_AVAILABILITY = YES_AGGRESSIVE;
				CLANG_WARN_UNREACHABLE_CODE = YES;
				CLANG_WARN__DUPLICATE_METHOD_MATCH = YES;
				COPY_PHASE_STRIP = NO;
				DEBUG_INFORMATION_FORMAT = "dwarf-with-dsym";
				ENABLE_NS_ASSERTIONS = NO;
				ENABLE_STRICT_OBJC_MSGSEND = YES;
				ENABLE_USER_SCRIPT_SANDBOXING = YES;
				GCC_C_LANGUAGE_STANDARD = gnu17;
				GCC_NO_COMMON_BLOCKS = YES;
				GCC_WARN_64_TO_32_BIT_CONVERSION = YES;
				GCC_WARN_ABOUT_RETURN_TYPE = YES_ERROR;
				GCC_WARN_UNDECLARED_SELECTOR = YES;
				GCC_WARN_UNINITIALIZED_AUTOS = YES_AGGRESSIVE;
				GCC_WARN_UNUSED_FUNCTION = YES;
				GCC_WARN_UNUSED_VARIABLE = YES;
				IPHONEOS_DEPLOYMENT_TARGET = 18.2;
				LOCALIZATION_PREFERS_STRING_CATALOGS = YES;
				MTL_ENABLE_DEBUG_INFO = NO;
				MTL_FAST_MATH = YES;
				SDKROOT = iphoneos;
				SWIFT_COMPILATION_MODE = wholemodule;
				VALIDATE_PRODUCT = YES;
			};
			name = Release;
		};
		944789F22DDC63CB00AF56C4 /* Debug */ = {
			isa = XCBuildConfiguration;
			buildSettings = {
				ASSETCATALOG_COMPILER_APPICON_NAME = AppIcon;
				ASSETCATALOG_COMPILER_GLOBAL_ACCENT_COLOR_NAME = AccentColor;
				CODE_SIGN_STYLE = Automatic;
				CURRENT_PROJECT_VERSION = 1;
				DEVELOPMENT_ASSET_PATHS = "\"iOS-Development/Preview Content\"";
				ENABLE_PREVIEWS = YES;
				GENERATE_INFOPLIST_FILE = YES;
				INFOPLIST_KEY_UIApplicationSceneManifest_Generation = YES;
				INFOPLIST_KEY_UIApplicationSupportsIndirectInputEvents = YES;
				INFOPLIST_KEY_UILaunchScreen_Generation = YES;
				INFOPLIST_KEY_UISupportedInterfaceOrientations_iPad = "UIInterfaceOrientationPortrait UIInterfaceOrientationPortraitUpsideDown UIInterfaceOrientationLandscapeLeft UIInterfaceOrientationLandscapeRight";
				INFOPLIST_KEY_UISupportedInterfaceOrientations_iPhone = "UIInterfaceOrientationPortrait UIInterfaceOrientationLandscapeLeft UIInterfaceOrientationLandscapeRight";
				LD_RUNPATH_SEARCH_PATHS = (
					"$(inherited)",
					"@executable_path/Frameworks",
				);
				MARKETING_VERSION = 1.0;
				PRODUCT_BUNDLE_IDENTIFIER = "Self-Employed.iOS-Development";
				PRODUCT_NAME = "$(TARGET_NAME)";
				SWIFT_EMIT_LOC_STRINGS = YES;
				SWIFT_VERSION = 5.0;
				TARGETED_DEVICE_FAMILY = "1,2";
			};
			name = Debug;
		};
		944789F32DDC63CB00AF56C4 /* Release */ = {
			isa = XCBuildConfiguration;
			buildSettings = {
				ASSETCATALOG_COMPILER_APPICON_NAME = AppIcon;
				ASSETCATALOG_COMPILER_GLOBAL_ACCENT_COLOR_NAME = AccentColor;
				CODE_SIGN_STYLE = Automatic;
				CURRENT_PROJECT_VERSION = 1;
				DEVELOPMENT_ASSET_PATHS = "\"iOS-Development/Preview Content\"";
				ENABLE_PREVIEWS = YES;
				GENERATE_INFOPLIST_FILE = YES;
				INFOPLIST_KEY_UIApplicationSceneManifest_Generation = YES;
				INFOPLIST_KEY_UIApplicationSupportsIndirectInputEvents = YES;
				INFOPLIST_KEY_UILaunchScreen_Generation = YES;
				INFOPLIST_KEY_UISupportedInterfaceOrientations_iPad = "UIInterfaceOrientationPortrait UIInterfaceOrientationPortraitUpsideDown UIInterfaceOrientationLandscapeLeft UIInterfaceOrientationLandscapeRight";
				INFOPLIST_KEY_UISupportedInterfaceOrientations_iPhone = "UIInterfaceOrientationPortrait UIInterfaceOrientationLandscapeLeft UIInterfaceOrientationLandscapeRight";
				LD_RUNPATH_SEARCH_PATHS = (
					"$(inherited)",
					"@executable_path/Frameworks",
				);
				MARKETING_VERSION = 1.0;
				PRODUCT_BUNDLE_IDENTIFIER = "Self-Employed.iOS-Development";
				PRODUCT_NAME = "$(TARGET_NAME)";
				SWIFT_EMIT_LOC_STRINGS = YES;
				SWIFT_VERSION = 5.0;
				TARGETED_DEVICE_FAMILY = "1,2";
			};
			name = Release;
		};
		944789F52DDC63CB00AF56C4 /* Debug */ = {
			isa = XCBuildConfiguration;
			buildSettings = {
				BUNDLE_LOADER = "$(TEST_HOST)";
				CODE_SIGN_STYLE = Automatic;
				CURRENT_PROJECT_VERSION = 1;
				GENERATE_INFOPLIST_FILE = YES;
				IPHONEOS_DEPLOYMENT_TARGET = 18.2;
				MARKETING_VERSION = 1.0;
				PRODUCT_BUNDLE_IDENTIFIER = "Self-Employed.iOS-DevelopmentTests";
				PRODUCT_NAME = "$(TARGET_NAME)";
				SWIFT_EMIT_LOC_STRINGS = NO;
				SWIFT_VERSION = 5.0;
				TARGETED_DEVICE_FAMILY = "1,2";
				TEST_HOST = "$(BUILT_PRODUCTS_DIR)/iOS-Development.app/$(BUNDLE_EXECUTABLE_FOLDER_PATH)/iOS-Development";
			};
			name = Debug;
		};
		944789F62DDC63CB00AF56C4 /* Release */ = {
			isa = XCBuildConfiguration;
			buildSettings = {
				BUNDLE_LOADER = "$(TEST_HOST)";
				CODE_SIGN_STYLE = Automatic;
				CURRENT_PROJECT_VERSION = 1;
				GENERATE_INFOPLIST_FILE = YES;
				IPHONEOS_DEPLOYMENT_TARGET = 18.2;
				MARKETING_VERSION = 1.0;
				PRODUCT_BUNDLE_IDENTIFIER = "Self-Employed.iOS-DevelopmentTests";
				PRODUCT_NAME = "$(TARGET_NAME)";
				SWIFT_EMIT_LOC_STRINGS = NO;
				SWIFT_VERSION = 5.0;
				TARGETED_DEVICE_FAMILY = "1,2";
				TEST_HOST = "$(BUILT_PRODUCTS_DIR)/iOS-Development.app/$(BUNDLE_EXECUTABLE_FOLDER_PATH)/iOS-Development";
			};
			name = Release;
		};
		944789F82DDC63CB00AF56C4 /* Debug */ = {
			isa = XCBuildConfiguration;
			buildSettings = {
				CODE_SIGN_STYLE = Automatic;
				CURRENT_PROJECT_VERSION = 1;
				GENERATE_INFOPLIST_FILE = YES;
				MARKETING_VERSION = 1.0;
				PRODUCT_BUNDLE_IDENTIFIER = "Self-Employed.iOS-DevelopmentUITests";
				PRODUCT_NAME = "$(TARGET_NAME)";
				SWIFT_EMIT_LOC_STRINGS = NO;
				SWIFT_VERSION = 5.0;
				TARGETED_DEVICE_FAMILY = "1,2";
				TEST_TARGET_NAME = "iOS-Development";
			};
			name = Debug;
		};
		944789F92DDC63CB00AF56C4 /* Release */ = {
			isa = XCBuildConfiguration;
			buildSettings = {
				CODE_SIGN_STYLE = Automatic;
				CURRENT_PROJECT_VERSION = 1;
				GENERATE_INFOPLIST_FILE = YES;
				MARKETING_VERSION = 1.0;
				PRODUCT_BUNDLE_IDENTIFIER = "Self-Employed.iOS-DevelopmentUITests";
				PRODUCT_NAME = "$(TARGET_NAME)";
				SWIFT_EMIT_LOC_STRINGS = NO;
				SWIFT_VERSION = 5.0;
				TARGETED_DEVICE_FAMILY = "1,2";
				TEST_TARGET_NAME = "iOS-Development";
			};
			name = Release;
		};
/* End XCBuildConfiguration section */

/* Begin XCConfigurationList section */
		944789C62DDC63C900AF56C4 /* Build configuration list for PBXProject "iOS-Development" */ = {
			isa = XCConfigurationList;
			buildConfigurations = (
				944789EF2DDC63CB00AF56C4 /* Debug */,
				944789F02DDC63CB00AF56C4 /* Release */,
			);
			defaultConfigurationIsVisible = 0;
			defaultConfigurationName = Release;
		};
		944789F12DDC63CB00AF56C4 /* Build configuration list for PBXNativeTarget "iOS-Development" */ = {
			isa = XCConfigurationList;
			buildConfigurations = (
				944789F22DDC63CB00AF56C4 /* Debug */,
				944789F32DDC63CB00AF56C4 /* Release */,
			);
			defaultConfigurationIsVisible = 0;
			defaultConfigurationName = Release;
		};
		944789F42DDC63CB00AF56C4 /* Build configuration list for PBXNativeTarget "iOS-DevelopmentTests" */ = {
			isa = XCConfigurationList;
			buildConfigurations = (
				944789F52DDC63CB00AF56C4 /* Debug */,
				944789F62DDC63CB00AF56C4 /* Release */,
			);
			defaultConfigurationIsVisible = 0;
			defaultConfigurationName = Release;
		};
		944789F72DDC63CB00AF56C4 /* Build configuration list for PBXNativeTarget "iOS-DevelopmentUITests" */ = {
			isa = XCConfigurationList;
			buildConfigurations = (
				944789F82DDC63CB00AF56C4 /* Debug */,
				944789F92DDC63CB00AF56C4 /* Release */,
			);
			defaultConfigurationIsVisible = 0;
			defaultConfigurationName = Release;
		};
/* End XCConfigurationList section */
	};
	rootObject = 944789C32DDC63C900AF56C4 /* Project object */;
}
